schema: '2.0'
stages:
  get_images:
    cmd: poetry run python mtg_artist_classifier/data/download_card_images.py
    deps:
    - path: mtg_artist_classifier/data/download_card_images.py
      hash: md5
      md5: 421269593ba12162dbf4fbf9d860a12d
      size: 1063
    outs:
    - path: data/card_images/
      hash: md5
      md5: f58a057cf1052019180779d82c3acc29.dir
      size: 51623190
      nfiles: 555
  train_test_split:
    cmd: poetry run python mtg_artist_classifier/data/train_test_split.py
    deps:
    - path: data/card_images/
      hash: md5
      md5: f58a057cf1052019180779d82c3acc29.dir
      size: 51623190
      nfiles: 555
    - path: mtg_artist_classifier/data/train_test_split.py
      hash: md5
      md5: ec14084dc83cdb0ea162db93d52cf0e3
      size: 5640
    params:
      dvc_params.yaml:
        eval_fraction: 0.1
        test_fraction: 0.1
        train_fraction: 0.8
    outs:
    - path: data/model_training_and_eval
      hash: md5
      md5: 19fdf22ef958646e94cfc40b782f86bc.dir
      size: 51066060
      nfiles: 549
